
Microsoft Visual Studio Solution File, Format Version 12.00
# Visual Studio Version 17
VisualStudioVersion = 17.8.34525.116
MinimumVisualStudioVersion = 10.0.40219.1
Project("{FAE04EC0-301F-11D3-BF4B-00C04F79EFBC}") = "RequestMapper", "RequestMapper.csproj", "{F1E0F2FD-B40F-4B30-99EC-214A4E899E5F}"
EndProject
Global
	GlobalSection(SolutionConfigurationPlatforms) = preSolution
		Debug|Any CPU = Debug|Any CPU
		Release|Any CPU = Release|Any CPU
	EndGlobalSection
	GlobalSection(ProjectConfigurationPlatforms) = postSolution
		{F1E0F2FD-B40F-4B30-99EC-214A4E899E5F}.Debug|Any CPU.ActiveCfg = Debug|Any CPU
		{F1E0F2FD-B40F-4B30-99EC-214A4E899E5F}.Debug|Any CPU.Build.0 = Debug|Any CPU
		{F1E0F2FD-B40F-4B30-99EC-214A4E899E5F}.Release|Any CPU.ActiveCfg = Release|Any CPU
		{F1E0F2FD-B40F-4B30-99EC-214A4E899E5F}.Release|Any CPU.Build.0 = Release|Any CPU
	EndGlobalSection
	GlobalSection(SolutionProperties) = preSolution
		HideSolutionNode = FALSE
	EndGlobalSection
	GlobalSection(ExtensibilityGlobals) = postSolution
		SolutionGuid = {86308361-69BE-4A1A-BFF0-200B3D262AE8}
	EndGlobalSection
EndGlobal
